{
  "name": "codacy-demo",
  "version": "1.0.0",
  "lockfileVersion": 3,
  "requires": true,
  "packages": {
    "": {
      "name": "codacy-demo",
      "version": "1.0.0",
      "license": "ISC",
      "dependencies": {
        "insecure-crypto": "^1.0.0",
        "python-shell": "^5.0.0"
      }
    },
    "node_modules/insecure-crypto": {
      "version": "1.0.0",
      "resolved": "https://registry.npmjs.org/insecure-crypto/-/insecure-crypto-1.0.0.tgz",
      "integrity": "sha512-VDwwWiMSe31fZ28uUbZsywd94SXme16uxbQ96b6BZ9Gbr28PGNAzHbHYig9a1qlCe9tymrwqDgrOBL5Ja4RoFg=="
    },
    "node_modules/python-shell": {
      "version": "5.0.0",
      "resolved": "https://registry.npmjs.org/python-shell/-/python-shell-5.0.0.tgz",
      "integrity": "sha512-RUOOOjHLhgR1MIQrCtnEqz/HJ1RMZBIN+REnpSUrfft2bXqXy69fwJASVziWExfFXsR1bCY0TznnHooNsCo0/w==",
      "engines": {
        "node": ">=0.10"
      }
    }
  }
}
